
Microsoft Visual Studio Solution File, Format Version 12.00
# Visual Studio Version 16
VisualStudioVersion = 16.0.30517.126
MinimumVisualStudioVersion = 10.0.40219.1
Project("{FAE04EC0-301F-11D3-BF4B-00C04F79EFBC}") = "RPChat", "RPChat\RPChat.csproj", "{035968E6-5FFC-49CB-B504-8EF31D19FB30}"
EndProject
Global
	GlobalSection(SolutionConfigurationPlatforms) = preSolution
		Debug|Any CPU = Debug|Any CPU
		Release|Any CPU = Release|Any CPU
	EndGlobalSection
	GlobalSection(ProjectConfigurationPlatforms) = postSolution
		{035968E6-5FFC-49CB-B504-8EF31D19FB30}.Debug|Any CPU.ActiveCfg = Debug|Any CPU
		{035968E6-5FFC-49CB-B504-8EF31D19FB30}.Debug|Any CPU.Build.0 = Debug|Any CPU
		{035968E6-5FFC-49CB-B504-8EF31D19FB30}.Release|Any CPU.ActiveCfg = Release|Any CPU
		{035968E6-5FFC-49CB-B504-8EF31D19FB30}.Release|Any CPU.Build.0 = Release|Any CPU
	EndGlobalSection
	GlobalSection(SolutionProperties) = preSolution
		HideSolutionNode = FALSE
	EndGlobalSection
	GlobalSection(ExtensibilityGlobals) = postSolution
		SolutionGuid = {6831E58F-76E7-47A0-8A0B-92CEC4D884D6}
	EndGlobalSection
EndGlobal
